
Microsoft Visual Studio Solution File, Format Version 12.00
# Visual Studio Version 17
VisualStudioVersion = 17.0.31903.59
MinimumVisualStudioVersion = 10.0.40219.1
Project("{2150E333-8FDC-42A3-9474-1A3956D46DE8}") = "src", "src", "{827E0CD3-B72D-47B6-A68D-7590B98EB39B}"
EndProject
Project("{FAE04EC0-301F-11D3-BF4B-00C04F79EFBC}") = "Devops.API", "src\Devops.API\Devops.API.csproj", "{900CBE06-B465-402C-9C8F-CA2CE35056EA}"
EndProject
Project("{FAE04EC0-301F-11D3-BF4B-00C04F79EFBC}") = "Devops.Application", "src\Devops.Application\Devops.Application.csproj", "{5611000C-F2E9-4BF6-882B-281390C33E2B}"
EndProject
Project("{FAE04EC0-301F-11D3-BF4B-00C04F79EFBC}") = "Devops.Domain", "src\Devops.Domain\Devops.Domain.csproj", "{80DF560C-EB97-4799-A5E6-D36C1D3EDA2C}"
EndProject
Project("{FAE04EC0-301F-11D3-BF4B-00C04F79EFBC}") = "Devops.Infrastructure", "src\Devops.Infrastructure\Devops.Infrastructure.csproj", "{E9964FD6-A3E9-414B-B632-B266420759DE}"
EndProject
Project("{2150E333-8FDC-42A3-9474-1A3956D46DE8}") = "Tests", "Tests", "{0AB3BF05-4346-4AA6-1389-037BE0695223}"
EndProject
Project("{FAE04EC0-301F-11D3-BF4B-00C04F79EFBC}") = "Devops.Tests", "Tests\Devops.Tests\Devops.Tests.csproj", "{FB80FAC2-AF72-4807-ADED-EE71E397D68B}"
EndProject
Global
	GlobalSection(SolutionConfigurationPlatforms) = preSolution
		Debug|Any CPU = Debug|Any CPU
		Debug|x64 = Debug|x64
		Debug|x86 = Debug|x86
		Release|Any CPU = Release|Any CPU
		Release|x64 = Release|x64
		Release|x86 = Release|x86
	EndGlobalSection
	GlobalSection(ProjectConfigurationPlatforms) = postSolution
		{900CBE06-B465-402C-9C8F-CA2CE35056EA}.Debug|Any CPU.ActiveCfg = Debug|Any CPU
		{900CBE06-B465-402C-9C8F-CA2CE35056EA}.Debug|Any CPU.Build.0 = Debug|Any CPU
		{900CBE06-B465-402C-9C8F-CA2CE35056EA}.Debug|x64.ActiveCfg = Debug|Any CPU
		{900CBE06-B465-402C-9C8F-CA2CE35056EA}.Debug|x64.Build.0 = Debug|Any CPU
		{900CBE06-B465-402C-9C8F-CA2CE35056EA}.Debug|x86.ActiveCfg = Debug|Any CPU
		{900CBE06-B465-402C-9C8F-CA2CE35056EA}.Debug|x86.Build.0 = Debug|Any CPU
		{900CBE06-B465-402C-9C8F-CA2CE35056EA}.Release|Any CPU.ActiveCfg = Release|Any CPU
		{900CBE06-B465-402C-9C8F-CA2CE35056EA}.Release|Any CPU.Build.0 = Release|Any CPU
		{900CBE06-B465-402C-9C8F-CA2CE35056EA}.Release|x64.ActiveCfg = Release|Any CPU
		{900CBE06-B465-402C-9C8F-CA2CE35056EA}.Release|x64.Build.0 = Release|Any CPU
		{900CBE06-B465-402C-9C8F-CA2CE35056EA}.Release|x86.ActiveCfg = Release|Any CPU
		{900CBE06-B465-402C-9C8F-CA2CE35056EA}.Release|x86.Build.0 = Release|Any CPU
		{5611000C-F2E9-4BF6-882B-281390C33E2B}.Debug|Any CPU.ActiveCfg = Debug|Any CPU
		{5611000C-F2E9-4BF6-882B-281390C33E2B}.Debug|Any CPU.Build.0 = Debug|Any CPU
		{5611000C-F2E9-4BF6-882B-281390C33E2B}.Debug|x64.ActiveCfg = Debug|Any CPU
		{5611000C-F2E9-4BF6-882B-281390C33E2B}.Debug|x64.Build.0 = Debug|Any CPU
		{5611000C-F2E9-4BF6-882B-281390C33E2B}.Debug|x86.ActiveCfg = Debug|Any CPU
		{5611000C-F2E9-4BF6-882B-281390C33E2B}.Debug|x86.Build.0 = Debug|Any CPU
		{5611000C-F2E9-4BF6-882B-281390C33E2B}.Release|Any CPU.ActiveCfg = Release|Any CPU
		{5611000C-F2E9-4BF6-882B-281390C33E2B}.Release|Any CPU.Build.0 = Release|Any CPU
		{5611000C-F2E9-4BF6-882B-281390C33E2B}.Release|x64.ActiveCfg = Release|Any CPU
		{5611000C-F2E9-4BF6-882B-281390C33E2B}.Release|x64.Build.0 = Release|Any CPU
		{5611000C-F2E9-4BF6-882B-281390C33E2B}.Release|x86.ActiveCfg = Release|Any CPU
		{5611000C-F2E9-4BF6-882B-281390C33E2B}.Release|x86.Build.0 = Release|Any CPU
		{80DF560C-EB97-4799-A5E6-D36C1D3EDA2C}.Debug|Any CPU.ActiveCfg = Debug|Any CPU
		{80DF560C-EB97-4799-A5E6-D36C1D3EDA2C}.Debug|Any CPU.Build.0 = Debug|Any CPU
		{80DF560C-EB97-4799-A5E6-D36C1D3EDA2C}.Debug|x64.ActiveCfg = Debug|Any CPU
		{80DF560C-EB97-4799-A5E6-D36C1D3EDA2C}.Debug|x64.Build.0 = Debug|Any CPU
		{80DF560C-EB97-4799-A5E6-D36C1D3EDA2C}.Debug|x86.ActiveCfg = Debug|Any CPU
		{80DF560C-EB97-4799-A5E6-D36C1D3EDA2C}.Debug|x86.Build.0 = Debug|Any CPU
		{80DF560C-EB97-4799-A5E6-D36C1D3EDA2C}.Release|Any CPU.ActiveCfg = Release|Any CPU
		{80DF560C-EB97-4799-A5E6-D36C1D3EDA2C}.Release|Any CPU.Build.0 = Release|Any CPU
		{80DF560C-EB97-4799-A5E6-D36C1D3EDA2C}.Release|x64.ActiveCfg = Release|Any CPU
		{80DF560C-EB97-4799-A5E6-D36C1D3EDA2C}.Release|x64.Build.0 = Release|Any CPU
		{80DF560C-EB97-4799-A5E6-D36C1D3EDA2C}.Release|x86.ActiveCfg = Release|Any CPU
		{80DF560C-EB97-4799-A5E6-D36C1D3EDA2C}.Release|x86.Build.0 = Release|Any CPU
		{E9964FD6-A3E9-414B-B632-B266420759DE}.Debug|Any CPU.ActiveCfg = Debug|Any CPU
		{E9964FD6-A3E9-414B-B632-B266420759DE}.Debug|Any CPU.Build.0 = Debug|Any CPU
		{E9964FD6-A3E9-414B-B632-B266420759DE}.Debug|x64.ActiveCfg = Debug|Any CPU
		{E9964FD6-A3E9-414B-B632-B266420759DE}.Debug|x64.Build.0 = Debug|Any CPU
		{E9964FD6-A3E9-414B-B632-B266420759DE}.Debug|x86.ActiveCfg = Debug|Any CPU
		{E9964FD6-A3E9-414B-B632-B266420759DE}.Debug|x86.Build.0 = Debug|Any CPU
		{E9964FD6-A3E9-414B-B632-B266420759DE}.Release|Any CPU.ActiveCfg = Release|Any CPU
		{E9964FD6-A3E9-414B-B632-B266420759DE}.Release|Any CPU.Build.0 = Release|Any CPU
		{E9964FD6-A3E9-414B-B632-B266420759DE}.Release|x64.ActiveCfg = Release|Any CPU
		{E9964FD6-A3E9-414B-B632-B266420759DE}.Release|x64.Build.0 = Release|Any CPU
		{E9964FD6-A3E9-414B-B632-B266420759DE}.Release|x86.ActiveCfg = Release|Any CPU
		{E9964FD6-A3E9-414B-B632-B266420759DE}.Release|x86.Build.0 = Release|Any CPU
		{FB80FAC2-AF72-4807-ADED-EE71E397D68B}.Debug|Any CPU.ActiveCfg = Debug|Any CPU
		{FB80FAC2-AF72-4807-ADED-EE71E397D68B}.Debug|Any CPU.Build.0 = Debug|Any CPU
		{FB80FAC2-AF72-4807-ADED-EE71E397D68B}.Debug|x64.ActiveCfg = Debug|Any CPU
		{FB80FAC2-AF72-4807-ADED-EE71E397D68B}.Debug|x64.Build.0 = Debug|Any CPU
		{FB80FAC2-AF72-4807-ADED-EE71E397D68B}.Debug|x86.ActiveCfg = Debug|Any CPU
		{FB80FAC2-AF72-4807-ADED-EE71E397D68B}.Debug|x86.Build.0 = Debug|Any CPU
		{FB80FAC2-AF72-4807-ADED-EE71E397D68B}.Release|Any CPU.ActiveCfg = Release|Any CPU
		{FB80FAC2-AF72-4807-ADED-EE71E397D68B}.Release|Any CPU.Build.0 = Release|Any CPU
		{FB80FAC2-AF72-4807-ADED-EE71E397D68B}.Release|x64.ActiveCfg = Release|Any CPU
		{FB80FAC2-AF72-4807-ADED-EE71E397D68B}.Release|x64.Build.0 = Release|Any CPU
		{FB80FAC2-AF72-4807-ADED-EE71E397D68B}.Release|x86.ActiveCfg = Release|Any CPU
		{FB80FAC2-AF72-4807-ADED-EE71E397D68B}.Release|x86.Build.0 = Release|Any CPU
	EndGlobalSection
	GlobalSection(SolutionProperties) = preSolution
		HideSolutionNode = FALSE
	EndGlobalSection
	GlobalSection(NestedProjects) = preSolution
		{900CBE06-B465-402C-9C8F-CA2CE35056EA} = {827E0CD3-B72D-47B6-A68D-7590B98EB39B}
		{5611000C-F2E9-4BF6-882B-281390C33E2B} = {827E0CD3-B72D-47B6-A68D-7590B98EB39B}
		{80DF560C-EB97-4799-A5E6-D36C1D3EDA2C} = {827E0CD3-B72D-47B6-A68D-7590B98EB39B}
		{E9964FD6-A3E9-414B-B632-B266420759DE} = {827E0CD3-B72D-47B6-A68D-7590B98EB39B}
		{FB80FAC2-AF72-4807-ADED-EE71E397D68B} = {0AB3BF05-4346-4AA6-1389-037BE0695223}
	EndGlobalSection
EndGlobal
